
Microsoft Visual Studio Solution File, Format Version 12.00
# Visual Studio Version 17
VisualStudioVersion = 17.10.35013.160
MinimumVisualStudioVersion = 10.0.40219.1
Project("{FAE04EC0-301F-11D3-BF4B-00C04F79EFBC}") = "jkn-audit-ai-backend", "jkn-audit-ai-backend.csproj", "{1227415E-9C6E-4BA6-BE58-95712A186101}"
EndProject
Global
	GlobalSection(SolutionConfigurationPlatforms) = preSolution
		Debug|Any CPU = Debug|Any CPU
		Release|Any CPU = Release|Any CPU
	EndGlobalSection
	GlobalSection(ProjectConfigurationPlatforms) = postSolution
		{1227415E-9C6E-4BA6-BE58-95712A186101}.Debug|Any CPU.ActiveCfg = Debug|Any CPU
		{1227415E-9C6E-4BA6-BE58-95712A186101}.Debug|Any CPU.Build.0 = Debug|Any CPU
		{1227415E-9C6E-4BA6-BE58-95712A186101}.Release|Any CPU.ActiveCfg = Release|Any CPU
		{1227415E-9C6E-4BA6-BE58-95712A186101}.Release|Any CPU.Build.0 = Release|Any CPU
	EndGlobalSection
	GlobalSection(SolutionProperties) = preSolution
		HideSolutionNode = FALSE
	EndGlobalSection
	GlobalSection(ExtensibilityGlobals) = postSolution
		SolutionGuid = {BC1CF0EE-7704-4367-803E-C0D1833F0219}
	EndGlobalSection
EndGlobal
